<?xml version="1.0" encoding="UTF-8"?>
<Project ToolsVersion="14.0" xmlns="http://schemas.microsoft.com/developer/msbuild/2003">
  <ItemGroup>
    <ClCompile Include="C:\Users\turin\Documents\git.repositories\nImO\Write\nImOwriteMain.cpp">
      <Filter>Source Files</Filter>
    </ClCompile>
  </ItemGroup>
  <ItemGroup>
    <CustomBuild Include="C:\Users\turin\Documents\git.repositories\nImO\Write\CMakeLists.txt" />
  </ItemGroup>
  <ItemGroup>
    <ResourceCompile Include="C:\Users\turin\Documents\git.repositories\nImO\Write\nImOwrite.rc">
      <Filter>Source Files</Filter>
    </ResourceCompile>
  </ItemGroup>
  <ItemGroup>
    <Filter Include="Source Files">
      <UniqueIdentifier>{C288A288-9B50-39DD-A905-7B12E33A6E69}</UniqueIdentifier>
    </Filter>
  </ItemGroup>
</Project>
