<?xml version="1.0" encoding="UTF-8"?>
<Project ToolsVersion="14.0" xmlns="http://schemas.microsoft.com/developer/msbuild/2003">
  <ItemGroup>
    <ClCompile Include="C:\Users\turin\Documents\git.repositories\nImO\nImO\nImOaddressArgumentDescriptor.cpp">
      <Filter>Source Files</Filter>
    </ClCompile>
    <ClCompile Include="C:\Users\turin\Documents\git.repositories\nImO\nImO\nImOarray.cpp">
      <Filter>Source Files</Filter>
    </ClCompile>
    <ClCompile Include="C:\Users\turin\Documents\git.repositories\nImO\nImO\nImOatom.cpp">
      <Filter>Source Files</Filter>
    </ClCompile>
    <ClCompile Include="C:\Users\turin\Documents\git.repositories\nImO\nImO\nImObaseArgumentDescriptor.cpp">
      <Filter>Source Files</Filter>
    </ClCompile>
    <ClCompile Include="C:\Users\turin\Documents\git.repositories\nImO\nImO\nImOblob.cpp">
      <Filter>Source Files</Filter>
    </ClCompile>
    <ClCompile Include="C:\Users\turin\Documents\git.repositories\nImO\nImO\nImOboolArgumentDescriptor.cpp">
      <Filter>Source Files</Filter>
    </ClCompile>
    <ClCompile Include="C:\Users\turin\Documents\git.repositories\nImO\nImO\nImObufferChunk.cpp">
      <Filter>Source Files</Filter>
    </ClCompile>
    <ClCompile Include="C:\Users\turin\Documents\git.repositories\nImO\nImO\nImOchannelArgumentDescriptor.cpp">
      <Filter>Source Files</Filter>
    </ClCompile>
    <ClCompile Include="C:\Users\turin\Documents\git.repositories\nImO\nImO\nImOchunkArray.cpp">
      <Filter>Source Files</Filter>
    </ClCompile>
    <ClCompile Include="C:\Users\turin\Documents\git.repositories\nImO\nImO\nImOcommon.cpp">
      <Filter>Source Files</Filter>
    </ClCompile>
    <ClCompile Include="C:\Users\turin\Documents\git.repositories\nImO\nImO\nImOcompareValues.cpp">
      <Filter>Source Files</Filter>
    </ClCompile>
    <ClCompile Include="C:\Users\turin\Documents\git.repositories\nImO\nImO\nImOconnector.cpp">
      <Filter>Source Files</Filter>
    </ClCompile>
    <ClCompile Include="C:\Users\turin\Documents\git.repositories\nImO\nImO\nImOcontainer.cpp">
      <Filter>Source Files</Filter>
    </ClCompile>
    <ClCompile Include="C:\Users\turin\Documents\git.repositories\nImO\nImO\nImOdouble.cpp">
      <Filter>Source Files</Filter>
    </ClCompile>
    <ClCompile Include="C:\Users\turin\Documents\git.repositories\nImO\nImO\nImOdoubleArgumentDescriptor.cpp">
      <Filter>Source Files</Filter>
    </ClCompile>
    <ClCompile Include="C:\Users\turin\Documents\git.repositories\nImO\nImO\nImOextraArgumentDescriptor.cpp">
      <Filter>Source Files</Filter>
    </ClCompile>
    <ClCompile Include="C:\Users\turin\Documents\git.repositories\nImO\nImO\nImOfilePathArgumentDescriptor.cpp">
      <Filter>Source Files</Filter>
    </ClCompile>
    <ClCompile Include="C:\Users\turin\Documents\git.repositories\nImO\nImO\nImOflaw.cpp">
      <Filter>Source Files</Filter>
    </ClCompile>
    <ClCompile Include="C:\Users\turin\Documents\git.repositories\nImO\nImO\nImOintArgumentDescriptor.cpp">
      <Filter>Source Files</Filter>
    </ClCompile>
    <ClCompile Include="C:\Users\turin\Documents\git.repositories\nImO\nImO\nImOinteger.cpp">
      <Filter>Source Files</Filter>
    </ClCompile>
    <ClCompile Include="C:\Users\turin\Documents\git.repositories\nImO\nImO\nImOinvalid.cpp">
      <Filter>Source Files</Filter>
    </ClCompile>
    <ClCompile Include="C:\Users\turin\Documents\git.repositories\nImO\nImO\nImOlogical.cpp">
      <Filter>Source Files</Filter>
    </ClCompile>
    <ClCompile Include="C:\Users\turin\Documents\git.repositories\nImO\nImO\nImOmap.cpp">
      <Filter>Source Files</Filter>
    </ClCompile>
    <ClCompile Include="C:\Users\turin\Documents\git.repositories\nImO\nImO\nImOmessage.cpp">
      <Filter>Source Files</Filter>
    </ClCompile>
    <ClCompile Include="C:\Users\turin\Documents\git.repositories\nImO\nImO\nImOnumber.cpp">
      <Filter>Source Files</Filter>
    </ClCompile>
    <ClCompile Include="C:\Users\turin\Documents\git.repositories\nImO\nImO\nImOportArgumentDescriptor.cpp">
      <Filter>Source Files</Filter>
    </ClCompile>
    <ClCompile Include="C:\Users\turin\Documents\git.repositories\nImO\nImO\nImOset.cpp">
      <Filter>Source Files</Filter>
    </ClCompile>
    <ClCompile Include="C:\Users\turin\Documents\git.repositories\nImO\nImO\nImOstring.cpp">
      <Filter>Source Files</Filter>
    </ClCompile>
    <ClCompile Include="C:\Users\turin\Documents\git.repositories\nImO\nImO\nImOstringArgumentDescriptor.cpp">
      <Filter>Source Files</Filter>
    </ClCompile>
    <ClCompile Include="C:\Users\turin\Documents\git.repositories\nImO\nImO\nImOstringBuffer.cpp">
      <Filter>Source Files</Filter>
    </ClCompile>
    <ClCompile Include="C:\Users\turin\Documents\git.repositories\nImO\nImO\nImOvalue.cpp">
      <Filter>Source Files</Filter>
    </ClCompile>
    <ClCompile Include="C:\Users\turin\Documents\git.repositories\nImO\nImO\nImOzeroConfClient.cpp">
      <Filter>Source Files</Filter>
    </ClCompile>
    <ClCompile Include="C:\Users\turin\Documents\git.repositories\nImO\nImO\nImOzeroConfService.cpp">
      <Filter>Source Files</Filter>
    </ClCompile>
    <ClCompile Include="C:\Users\turin\Documents\git.repositories\nImO\nImO\optionparser.cpp">
      <Filter>Source Files</Filter>
    </ClCompile>
  </ItemGroup>
  <ItemGroup>
    <CustomBuild Include="C:\Users\turin\Documents\git.repositories\nImO\nImO\CMakeLists.txt" />
  </ItemGroup>
  <ItemGroup>
    <Filter Include="Source Files">
      <UniqueIdentifier>{C288A288-9B50-39DD-A905-7B12E33A6E69}</UniqueIdentifier>
    </Filter>
  </ItemGroup>
</Project>
