// !$*UTF8*$!
{
	archiveVersion = 1;
	classes = {
	};
	objectVersion = 46;
	objects = {

/* Begin PBXFileReference section */
		F60F864A1CA4B24C004D35AB /* nImOaddressArgumentDescriptor.cpp */ = {isa = PBXFileReference; fileEncoding = 4; lastKnownFileType = sourcecode.cpp.cpp; name = nImOaddressArgumentDescriptor.cpp; path = nImO/nImOaddressArgumentDescriptor.cpp; sourceTree = "<group>"; };
		F60F864B1CA4B24C004D35AB /* nImOaddressArgumentDescriptor.hpp */ = {isa = PBXFileReference; fileEncoding = 4; lastKnownFileType = sourcecode.cpp.h; name = nImOaddressArgumentDescriptor.hpp; path = nImO/nImOaddressArgumentDescriptor.hpp; sourceTree = "<group>"; };
		F60F864C1CA4B24C004D35AB /* nImObaseArgumentDescriptor.cpp */ = {isa = PBXFileReference; fileEncoding = 4; lastKnownFileType = sourcecode.cpp.cpp; name = nImObaseArgumentDescriptor.cpp; path = nImO/nImObaseArgumentDescriptor.cpp; sourceTree = "<group>"; };
		F60F864D1CA4B24C004D35AB /* nImObaseArgumentDescriptor.hpp */ = {isa = PBXFileReference; fileEncoding = 4; lastKnownFileType = sourcecode.cpp.h; name = nImObaseArgumentDescriptor.hpp; path = nImO/nImObaseArgumentDescriptor.hpp; sourceTree = "<group>"; };
		F60F864E1CA4B24C004D35AB /* nImOboolArgumentDescriptor.cpp */ = {isa = PBXFileReference; fileEncoding = 4; lastKnownFileType = sourcecode.cpp.cpp; name = nImOboolArgumentDescriptor.cpp; path = nImO/nImOboolArgumentDescriptor.cpp; sourceTree = "<group>"; };
		F60F864F1CA4B24C004D35AB /* nImOboolArgumentDescriptor.hpp */ = {isa = PBXFileReference; fileEncoding = 4; lastKnownFileType = sourcecode.cpp.h; name = nImOboolArgumentDescriptor.hpp; path = nImO/nImOboolArgumentDescriptor.hpp; sourceTree = "<group>"; };
		F60F86501CA4B24C004D35AB /* nImOchannelArgumentDescriptor.cpp */ = {isa = PBXFileReference; fileEncoding = 4; lastKnownFileType = sourcecode.cpp.cpp; name = nImOchannelArgumentDescriptor.cpp; path = nImO/nImOchannelArgumentDescriptor.cpp; sourceTree = "<group>"; };
		F60F86511CA4B24C004D35AB /* nImOchannelArgumentDescriptor.hpp */ = {isa = PBXFileReference; fileEncoding = 4; lastKnownFileType = sourcecode.cpp.h; name = nImOchannelArgumentDescriptor.hpp; path = nImO/nImOchannelArgumentDescriptor.hpp; sourceTree = "<group>"; };
		F60F86521CA4B24C004D35AB /* nImOdoubleArgumentDescriptor.cpp */ = {isa = PBXFileReference; fileEncoding = 4; lastKnownFileType = sourcecode.cpp.cpp; name = nImOdoubleArgumentDescriptor.cpp; path = nImO/nImOdoubleArgumentDescriptor.cpp; sourceTree = "<group>"; };
		F60F86531CA4B24C004D35AB /* nImOdoubleArgumentDescriptor.hpp */ = {isa = PBXFileReference; fileEncoding = 4; lastKnownFileType = sourcecode.cpp.h; name = nImOdoubleArgumentDescriptor.hpp; path = nImO/nImOdoubleArgumentDescriptor.hpp; sourceTree = "<group>"; };
		F60F86541CA4B24C004D35AB /* nImOextraArgumentDescriptor.cpp */ = {isa = PBXFileReference; fileEncoding = 4; lastKnownFileType = sourcecode.cpp.cpp; name = nImOextraArgumentDescriptor.cpp; path = nImO/nImOextraArgumentDescriptor.cpp; sourceTree = "<group>"; };
		F60F86551CA4B24C004D35AB /* nImOextraArgumentDescriptor.hpp */ = {isa = PBXFileReference; fileEncoding = 4; lastKnownFileType = sourcecode.cpp.h; name = nImOextraArgumentDescriptor.hpp; path = nImO/nImOextraArgumentDescriptor.hpp; sourceTree = "<group>"; };
		F60F86561CA4B24C004D35AB /* nImOfilePathArgumentDescriptor.cpp */ = {isa = PBXFileReference; fileEncoding = 4; lastKnownFileType = sourcecode.cpp.cpp; name = nImOfilePathArgumentDescriptor.cpp; path = nImO/nImOfilePathArgumentDescriptor.cpp; sourceTree = "<group>"; };
		F60F86571CA4B24C004D35AB /* nImOfilePathArgumentDescriptor.hpp */ = {isa = PBXFileReference; fileEncoding = 4; lastKnownFileType = sourcecode.cpp.h; name = nImOfilePathArgumentDescriptor.hpp; path = nImO/nImOfilePathArgumentDescriptor.hpp; sourceTree = "<group>"; };
		F60F86581CA4B24C004D35AB /* nImOintArgumentDescriptor.cpp */ = {isa = PBXFileReference; fileEncoding = 4; lastKnownFileType = sourcecode.cpp.cpp; name = nImOintArgumentDescriptor.cpp; path = nImO/nImOintArgumentDescriptor.cpp; sourceTree = "<group>"; };
		F60F86591CA4B24C004D35AB /* nImOintArgumentDescriptor.hpp */ = {isa = PBXFileReference; fileEncoding = 4; lastKnownFileType = sourcecode.cpp.h; name = nImOintArgumentDescriptor.hpp; path = nImO/nImOintArgumentDescriptor.hpp; sourceTree = "<group>"; };
		F60F865A1CA4B24C004D35AB /* nImOportArgumentDescriptor.cpp */ = {isa = PBXFileReference; fileEncoding = 4; lastKnownFileType = sourcecode.cpp.cpp; name = nImOportArgumentDescriptor.cpp; path = nImO/nImOportArgumentDescriptor.cpp; sourceTree = "<group>"; };
		F60F865B1CA4B24C004D35AB /* nImOportArgumentDescriptor.hpp */ = {isa = PBXFileReference; fileEncoding = 4; lastKnownFileType = sourcecode.cpp.h; name = nImOportArgumentDescriptor.hpp; path = nImO/nImOportArgumentDescriptor.hpp; sourceTree = "<group>"; };
		F60F865C1CA4B24C004D35AB /* nImOstringArgumentDescriptor.cpp */ = {isa = PBXFileReference; fileEncoding = 4; lastKnownFileType = sourcecode.cpp.cpp; name = nImOstringArgumentDescriptor.cpp; path = nImO/nImOstringArgumentDescriptor.cpp; sourceTree = "<group>"; };
		F60F865D1CA4B24C004D35AB /* nImOstringArgumentDescriptor.hpp */ = {isa = PBXFileReference; fileEncoding = 4; lastKnownFileType = sourcecode.cpp.h; name = nImOstringArgumentDescriptor.hpp; path = nImO/nImOstringArgumentDescriptor.hpp; sourceTree = "<group>"; };
		F66FA33B1CA9542A000B283D /* nImOstringBuffer.hpp */ = {isa = PBXFileReference; fileEncoding = 4; lastKnownFileType = sourcecode.cpp.h; name = nImOstringBuffer.hpp; path = nImO/nImOstringBuffer.hpp; sourceTree = SOURCE_ROOT; };
		F66FA33C1CA95475000B283D /* nImOstringBuffer.cpp */ = {isa = PBXFileReference; fileEncoding = 4; lastKnownFileType = sourcecode.cpp.cpp; name = nImOstringBuffer.cpp; path = nImO/nImOstringBuffer.cpp; sourceTree = SOURCE_ROOT; };
		F67032541CB1CBB500E04BBC /* nImOcompareValues.cpp */ = {isa = PBXFileReference; fileEncoding = 4; lastKnownFileType = sourcecode.cpp.cpp; name = nImOcompareValues.cpp; path = nImO/nImOcompareValues.cpp; sourceTree = "<group>"; };
		F67032551CB1CBB500E04BBC /* nImOcompareValues.hpp */ = {isa = PBXFileReference; fileEncoding = 4; lastKnownFileType = sourcecode.cpp.h; name = nImOcompareValues.hpp; path = nImO/nImOcompareValues.hpp; sourceTree = "<group>"; };
		F6747F891CA70BA20070B240 /* CMakeLists.txt */ = {isa = PBXFileReference; fileEncoding = 4; lastKnownFileType = text; name = CMakeLists.txt; path = odl/CMakeLists.txt; sourceTree = SOURCE_ROOT; };
		F6747F8A1CA70BA20070B240 /* ODDisableLogging.h */ = {isa = PBXFileReference; fileEncoding = 4; lastKnownFileType = sourcecode.c.h; name = ODDisableLogging.h; path = odl/ODDisableLogging.h; sourceTree = SOURCE_ROOT; };
		F6747F8B1CA70BA20070B240 /* ODEnableLogging.h */ = {isa = PBXFileReference; fileEncoding = 4; lastKnownFileType = sourcecode.c.h; name = ODEnableLogging.h; path = odl/ODEnableLogging.h; sourceTree = SOURCE_ROOT; };
		F6747F8C1CA70BA20070B240 /* ODLogging.cpp */ = {isa = PBXFileReference; fileEncoding = 4; lastKnownFileType = sourcecode.cpp.cpp; name = ODLogging.cpp; path = odl/ODLogging.cpp; sourceTree = SOURCE_ROOT; };
		F6747F8D1CA70BA20070B240 /* ODLogging.h */ = {isa = PBXFileReference; fileEncoding = 4; lastKnownFileType = sourcecode.c.h; name = ODLogging.h; path = odl/ODLogging.h; sourceTree = SOURCE_ROOT; };
		F6747F8E1CA70BA20070B240 /* ODLogging.inc.c */ = {isa = PBXFileReference; fileEncoding = 4; lastKnownFileType = sourcecode.c.c; name = ODLogging.inc.c; path = odl/ODLogging.inc.c; sourceTree = SOURCE_ROOT; };
		F6747F8F1CA70BA20070B240 /* ODLogging.m */ = {isa = PBXFileReference; fileEncoding = 4; lastKnownFileType = sourcecode.c.objc; name = ODLogging.m; path = odl/ODLogging.m; sourceTree = SOURCE_ROOT; };
		F6747F901CA70BA20070B240 /* ODLogging.i */ = {isa = PBXFileReference; fileEncoding = 4; lastKnownFileType = sourcecode.c.c.preprocessed; name = ODLogging.i; path = odl/swig_odl_in/ODLogging.i; sourceTree = SOURCE_ROOT; };
		F68020321CAA0DA500C2374A /* nImObufferChunk.cpp */ = {isa = PBXFileReference; fileEncoding = 4; lastKnownFileType = sourcecode.cpp.cpp; name = nImObufferChunk.cpp; path = nImO/nImObufferChunk.cpp; sourceTree = SOURCE_ROOT; };
		F68020331CAA0DA500C2374A /* nImObufferChunk.hpp */ = {isa = PBXFileReference; fileEncoding = 4; lastKnownFileType = sourcecode.cpp.h; name = nImObufferChunk.hpp; path = nImO/nImObufferChunk.hpp; sourceTree = SOURCE_ROOT; };
		F6863A911CBF0F6700B8572E /* nImOparserTest.cpp */ = {isa = PBXFileReference; fileEncoding = 4; lastKnownFileType = sourcecode.cpp.cpp; name = nImOparserTest.cpp; path = Tests/nImOparserTest.cpp; sourceTree = SOURCE_ROOT; };
		F6863A921CBF0FAB00B8572E /* nImOparserTest.rc.in */ = {isa = PBXFileReference; fileEncoding = 4; lastKnownFileType = text; name = nImOparserTest.rc.in; path = Tests/nImOparserTest.rc.in; sourceTree = SOURCE_ROOT; };
		F6866F011CA4145E00849A76 /* nImOcontainer.cpp */ = {isa = PBXFileReference; fileEncoding = 4; lastKnownFileType = sourcecode.cpp.cpp; name = nImOcontainer.cpp; path = nImO/nImOcontainer.cpp; sourceTree = "<group>"; };
		F6866F021CA4145E00849A76 /* nImOcontainer.hpp */ = {isa = PBXFileReference; fileEncoding = 4; lastKnownFileType = sourcecode.cpp.h; name = nImOcontainer.hpp; path = nImO/nImOcontainer.hpp; sourceTree = "<group>"; };
		F6A3C2241CCD3C7900CA5C76 /* nImOmessage.cpp */ = {isa = PBXFileReference; fileEncoding = 4; lastKnownFileType = sourcecode.cpp.cpp; name = nImOmessage.cpp; path = nImO/nImOmessage.cpp; sourceTree = "<group>"; };
		F6A3C2251CCD3C7900CA5C76 /* nImOmessage.hpp */ = {isa = PBXFileReference; fileEncoding = 4; lastKnownFileType = sourcecode.cpp.h; name = nImOmessage.hpp; path = nImO/nImOmessage.hpp; sourceTree = "<group>"; };
		F6A4A0551CD236BD005D1AF8 /* nImOmessageExtractTest.cpp */ = {isa = PBXFileReference; fileEncoding = 4; lastKnownFileType = sourcecode.cpp.cpp; name = nImOmessageExtractTest.cpp; path = Tests/nImOmessageExtractTest.cpp; sourceTree = "<group>"; };
		F6A4A0561CD236BD005D1AF8 /* nImOmessageExtractTest.rc.in */ = {isa = PBXFileReference; fileEncoding = 4; lastKnownFileType = text; name = nImOmessageExtractTest.rc.in; path = Tests/nImOmessageExtractTest.rc.in; sourceTree = "<group>"; };
		F6A4A0571CD236BD005D1AF8 /* nImOmessageInsertTest.cpp */ = {isa = PBXFileReference; fileEncoding = 4; lastKnownFileType = sourcecode.cpp.cpp; name = nImOmessageInsertTest.cpp; path = Tests/nImOmessageInsertTest.cpp; sourceTree = "<group>"; };
		F6A4A0581CD236BD005D1AF8 /* nImOmessageInsertTest.rc.in */ = {isa = PBXFileReference; fileEncoding = 4; lastKnownFileType = text; name = nImOmessageInsertTest.rc.in; path = Tests/nImOmessageInsertTest.rc.in; sourceTree = "<group>"; };
		F6B388EA1C77F1C4004B2D42 /* CMakeLists.txt */ = {isa = PBXFileReference; fileEncoding = 4; lastKnownFileType = text; path = CMakeLists.txt; sourceTree = SOURCE_ROOT; };
		F6B388EB1C77F1E6004B2D42 /* CMakeLists.txt */ = {isa = PBXFileReference; fileEncoding = 4; lastKnownFileType = text; name = CMakeLists.txt; path = Tests/CMakeLists.txt; sourceTree = SOURCE_ROOT; };
		F6B388F61C77F3D1004B2D42 /* CMakeLists.txt */ = {isa = PBXFileReference; fileEncoding = 4; lastKnownFileType = text; name = CMakeLists.txt; path = Connect/CMakeLists.txt; sourceTree = SOURCE_ROOT; };
		F6B388F71C77F3D1004B2D42 /* nImOconnect.rc.in */ = {isa = PBXFileReference; fileEncoding = 4; lastKnownFileType = text; name = nImOconnect.rc.in; path = Connect/nImOconnect.rc.in; sourceTree = SOURCE_ROOT; };
		F6B388F81C77F3D1004B2D42 /* nImOconnectMain.cpp */ = {isa = PBXFileReference; fileEncoding = 4; lastKnownFileType = sourcecode.cpp.cpp; name = nImOconnectMain.cpp; path = Connect/nImOconnectMain.cpp; sourceTree = SOURCE_ROOT; };
		F6B388F91C77F3D1004B2D42 /* resource.h */ = {isa = PBXFileReference; fileEncoding = 4; lastKnownFileType = sourcecode.c.h; name = resource.h; path = Connect/resource.h; sourceTree = SOURCE_ROOT; };
		F6B388FA1C77F3E3004B2D42 /* CMakeLists.txt */ = {isa = PBXFileReference; fileEncoding = 4; lastKnownFileType = text; name = CMakeLists.txt; path = CPack/CMakeLists.txt; sourceTree = SOURCE_ROOT; };
		F6B388FB1C77F3F1004B2D42 /* CMakeLists.txt */ = {isa = PBXFileReference; fileEncoding = 4; lastKnownFileType = text; name = CMakeLists.txt; path = Disconnect/CMakeLists.txt; sourceTree = SOURCE_ROOT; };
		F6B388FC1C77F3F1004B2D42 /* nImOdisconnect.rc.in */ = {isa = PBXFileReference; fileEncoding = 4; lastKnownFileType = text; name = nImOdisconnect.rc.in; path = Disconnect/nImOdisconnect.rc.in; sourceTree = SOURCE_ROOT; };
		F6B388FD1C77F3F1004B2D42 /* nImOdisconnectMain.cpp */ = {isa = PBXFileReference; fileEncoding = 4; lastKnownFileType = sourcecode.cpp.cpp; name = nImOdisconnectMain.cpp; path = Disconnect/nImOdisconnectMain.cpp; sourceTree = SOURCE_ROOT; };
		F6B388FE1C77F3F1004B2D42 /* resource.h */ = {isa = PBXFileReference; fileEncoding = 4; lastKnownFileType = sourcecode.c.h; name = resource.h; path = Disconnect/resource.h; sourceTree = SOURCE_ROOT; };
		F6B388FF1C77F40D004B2D42 /* CMakeLists.txt */ = {isa = PBXFileReference; fileEncoding = 4; lastKnownFileType = text; name = CMakeLists.txt; path = Info/CMakeLists.txt; sourceTree = SOURCE_ROOT; };
		F6B389001C77F40D004B2D42 /* nImOinfo.rc.in */ = {isa = PBXFileReference; fileEncoding = 4; lastKnownFileType = text; name = nImOinfo.rc.in; path = Info/nImOinfo.rc.in; sourceTree = SOURCE_ROOT; };
		F6B389011C77F40D004B2D42 /* nImOinfoMain.cpp */ = {isa = PBXFileReference; fileEncoding = 4; lastKnownFileType = sourcecode.cpp.cpp; name = nImOinfoMain.cpp; path = Info/nImOinfoMain.cpp; sourceTree = SOURCE_ROOT; };
		F6B389021C77F40D004B2D42 /* resource.h */ = {isa = PBXFileReference; fileEncoding = 4; lastKnownFileType = sourcecode.c.h; name = resource.h; path = Info/resource.h; sourceTree = SOURCE_ROOT; };
		F6B389031C77F41D004B2D42 /* CMakeLists.txt */ = {isa = PBXFileReference; fileEncoding = 4; lastKnownFileType = text; name = CMakeLists.txt; path = List/CMakeLists.txt; sourceTree = SOURCE_ROOT; };
		F6B389041C77F41D004B2D42 /* nImOlist.rc.in */ = {isa = PBXFileReference; fileEncoding = 4; lastKnownFileType = text; name = nImOlist.rc.in; path = List/nImOlist.rc.in; sourceTree = SOURCE_ROOT; };
		F6B389051C77F41D004B2D42 /* nImOlistMain.cpp */ = {isa = PBXFileReference; fileEncoding = 4; lastKnownFileType = sourcecode.cpp.cpp; name = nImOlistMain.cpp; path = List/nImOlistMain.cpp; sourceTree = SOURCE_ROOT; };
		F6B389061C77F41D004B2D42 /* resource.h */ = {isa = PBXFileReference; fileEncoding = 4; lastKnownFileType = sourcecode.c.h; name = resource.h; path = List/resource.h; sourceTree = SOURCE_ROOT; };
		F6B389091C77F442004B2D42 /* CMakeLists.txt */ = {isa = PBXFileReference; fileEncoding = 4; lastKnownFileType = text; name = CMakeLists.txt; path = Read/CMakeLists.txt; sourceTree = SOURCE_ROOT; };
		F6B3890A1C77F442004B2D42 /* nImOread.rc.in */ = {isa = PBXFileReference; fileEncoding = 4; lastKnownFileType = text; name = nImOread.rc.in; path = Read/nImOread.rc.in; sourceTree = SOURCE_ROOT; };
		F6B3890B1C77F442004B2D42 /* nImOreadMain.cpp */ = {isa = PBXFileReference; fileEncoding = 4; lastKnownFileType = sourcecode.cpp.cpp; name = nImOreadMain.cpp; path = Read/nImOreadMain.cpp; sourceTree = SOURCE_ROOT; };
		F6B3890C1C77F442004B2D42 /* resource.h */ = {isa = PBXFileReference; fileEncoding = 4; lastKnownFileType = sourcecode.c.h; name = resource.h; path = Read/resource.h; sourceTree = SOURCE_ROOT; };
		F6B3890D1C77F455004B2D42 /* CMakeLists.txt */ = {isa = PBXFileReference; fileEncoding = 4; lastKnownFileType = text; name = CMakeLists.txt; path = Version/CMakeLists.txt; sourceTree = SOURCE_ROOT; };
		F6B3890E1C77F455004B2D42 /* nImOversion.rc.in */ = {isa = PBXFileReference; fileEncoding = 4; lastKnownFileType = text; name = nImOversion.rc.in; path = Version/nImOversion.rc.in; sourceTree = SOURCE_ROOT; };
		F6B3890F1C77F455004B2D42 /* nImOversionMain.cpp */ = {isa = PBXFileReference; fileEncoding = 4; lastKnownFileType = sourcecode.cpp.cpp; name = nImOversionMain.cpp; path = Version/nImOversionMain.cpp; sourceTree = SOURCE_ROOT; };
		F6B389101C77F455004B2D42 /* resource.h */ = {isa = PBXFileReference; fileEncoding = 4; lastKnownFileType = sourcecode.c.h; name = resource.h; path = Version/resource.h; sourceTree = SOURCE_ROOT; };
		F6B389111C77F476004B2D42 /* CMakeLists.txt */ = {isa = PBXFileReference; fileEncoding = 4; lastKnownFileType = text; name = CMakeLists.txt; path = Write/CMakeLists.txt; sourceTree = SOURCE_ROOT; };
		F6B389121C77F476004B2D42 /* nImOwrite.rc.in */ = {isa = PBXFileReference; fileEncoding = 4; lastKnownFileType = text; name = nImOwrite.rc.in; path = Write/nImOwrite.rc.in; sourceTree = SOURCE_ROOT; };
		F6B389131C77F476004B2D42 /* nImOwriteMain.cpp */ = {isa = PBXFileReference; fileEncoding = 4; lastKnownFileType = sourcecode.cpp.cpp; name = nImOwriteMain.cpp; path = Write/nImOwriteMain.cpp; sourceTree = SOURCE_ROOT; };
		F6B389141C77F476004B2D42 /* resource.h */ = {isa = PBXFileReference; fileEncoding = 4; lastKnownFileType = sourcecode.c.h; name = resource.h; path = Write/resource.h; sourceTree = SOURCE_ROOT; };
		F6B9F1B71CB4931A00ECC740 /* nImOatomicTest.cpp */ = {isa = PBXFileReference; fileEncoding = 4; lastKnownFileType = sourcecode.cpp.cpp; name = nImOatomicTest.cpp; path = Tests/nImOatomicTest.cpp; sourceTree = "<group>"; };
		F6B9F1B81CB4931A00ECC740 /* nImOatomicTest.rc.in */ = {isa = PBXFileReference; fileEncoding = 4; lastKnownFileType = text; name = nImOatomicTest.rc.in; path = Tests/nImOatomicTest.rc.in; sourceTree = "<group>"; };
		F6B9F1B91CB4931A00ECC740 /* nImOcontainerTest.cpp */ = {isa = PBXFileReference; fileEncoding = 4; lastKnownFileType = sourcecode.cpp.cpp; name = nImOcontainerTest.cpp; path = Tests/nImOcontainerTest.cpp; sourceTree = "<group>"; };
		F6B9F1BA1CB4931A00ECC740 /* nImOcontainerTest.rc.in */ = {isa = PBXFileReference; fileEncoding = 4; lastKnownFileType = text; name = nImOcontainerTest.rc.in; path = Tests/nImOcontainerTest.rc.in; sourceTree = "<group>"; };
		F6C146291CD18D830045C291 /* nImOinteger.hpp */ = {isa = PBXFileReference; fileEncoding = 4; lastKnownFileType = sourcecode.cpp.h; name = nImOinteger.hpp; path = nImO/nImOinteger.hpp; sourceTree = "<group>"; };
		F6C1462A1CD18D830045C291 /* nImOinteger.cpp */ = {isa = PBXFileReference; fileEncoding = 4; lastKnownFileType = sourcecode.cpp.cpp; name = nImOinteger.cpp; path = nImO/nImOinteger.cpp; sourceTree = "<group>"; };
		F6C1462B1CD18D830045C291 /* nImOdouble.hpp */ = {isa = PBXFileReference; fileEncoding = 4; lastKnownFileType = sourcecode.cpp.h; name = nImOdouble.hpp; path = nImO/nImOdouble.hpp; sourceTree = "<group>"; };
		F6C1462C1CD18D830045C291 /* nImOdouble.cpp */ = {isa = PBXFileReference; fileEncoding = 4; lastKnownFileType = sourcecode.cpp.cpp; name = nImOdouble.cpp; path = nImO/nImOdouble.cpp; sourceTree = "<group>"; };
		F6EE0AC01CA2C7F4004748ED /* CMakeLists.txt */ = {isa = PBXFileReference; fileEncoding = 4; lastKnownFileType = text; name = CMakeLists.txt; path = nImO/CMakeLists.txt; sourceTree = SOURCE_ROOT; };
		F6EE0AC11CA2C7F4004748ED /* nImOarray.cpp */ = {isa = PBXFileReference; fileEncoding = 4; lastKnownFileType = sourcecode.cpp.cpp; name = nImOarray.cpp; path = nImO/nImOarray.cpp; sourceTree = SOURCE_ROOT; };
		F6EE0AC21CA2C7F4004748ED /* nImOarray.hpp */ = {isa = PBXFileReference; fileEncoding = 4; lastKnownFileType = sourcecode.cpp.h; name = nImOarray.hpp; path = nImO/nImOarray.hpp; sourceTree = SOURCE_ROOT; };
		F6EE0AC31CA2C7F4004748ED /* nImOatom.cpp */ = {isa = PBXFileReference; fileEncoding = 4; lastKnownFileType = sourcecode.cpp.cpp; name = nImOatom.cpp; path = nImO/nImOatom.cpp; sourceTree = SOURCE_ROOT; };
		F6EE0AC41CA2C7F4004748ED /* nImOatom.hpp */ = {isa = PBXFileReference; fileEncoding = 4; lastKnownFileType = sourcecode.cpp.h; name = nImOatom.hpp; path = nImO/nImOatom.hpp; sourceTree = SOURCE_ROOT; };
		F6EE0AC51CA2C7F4004748ED /* nImOblob.cpp */ = {isa = PBXFileReference; fileEncoding = 4; lastKnownFileType = sourcecode.cpp.cpp; name = nImOblob.cpp; path = nImO/nImOblob.cpp; sourceTree = SOURCE_ROOT; };
		F6EE0AC61CA2C7F4004748ED /* nImOblob.hpp */ = {isa = PBXFileReference; fileEncoding = 4; lastKnownFileType = sourcecode.cpp.h; name = nImOblob.hpp; path = nImO/nImOblob.hpp; sourceTree = SOURCE_ROOT; };
		F6EE0AC71CA2C7F4004748ED /* nImOboolean.cpp */ = {isa = PBXFileReference; fileEncoding = 4; lastKnownFileType = sourcecode.cpp.cpp; name = nImOboolean.cpp; path = nImO/nImOboolean.cpp; sourceTree = SOURCE_ROOT; };
		F6EE0AC81CA2C7F4004748ED /* nImOboolean.hpp */ = {isa = PBXFileReference; fileEncoding = 4; lastKnownFileType = sourcecode.cpp.h; name = nImOboolean.hpp; path = nImO/nImOboolean.hpp; sourceTree = SOURCE_ROOT; };
		F6EE0AC91CA2C7F4004748ED /* nImOcommon.cpp */ = {isa = PBXFileReference; fileEncoding = 4; lastKnownFileType = sourcecode.cpp.cpp; name = nImOcommon.cpp; path = nImO/nImOcommon.cpp; sourceTree = SOURCE_ROOT; };
		F6EE0ACA1CA2C7F4004748ED /* nImOcommon.hpp */ = {isa = PBXFileReference; fileEncoding = 4; lastKnownFileType = sourcecode.cpp.h; name = nImOcommon.hpp; path = nImO/nImOcommon.hpp; sourceTree = SOURCE_ROOT; };
		F6EE0ACB1CA2C7F4004748ED /* nImOconfig.hpp */ = {isa = PBXFileReference; fileEncoding = 4; lastKnownFileType = sourcecode.cpp.h; name = nImOconfig.hpp; path = nImO/nImOconfig.hpp; sourceTree = SOURCE_ROOT; };
		F6EE0ACC1CA2C7F4004748ED /* nImOconfig.hpp.in */ = {isa = PBXFileReference; fileEncoding = 4; lastKnownFileType = text; name = nImOconfig.hpp.in; path = nImO/nImOconfig.hpp.in; sourceTree = SOURCE_ROOT; };
		F6EE0ACD1CA2C7F4004748ED /* nImOconnector.cpp */ = {isa = PBXFileReference; fileEncoding = 4; lastKnownFileType = sourcecode.cpp.cpp; name = nImOconnector.cpp; path = nImO/nImOconnector.cpp; sourceTree = SOURCE_ROOT; };
		F6EE0ACE1CA2C7F4004748ED /* nImOconnector.hpp */ = {isa = PBXFileReference; fileEncoding = 4; lastKnownFileType = sourcecode.cpp.h; name = nImOconnector.hpp; path = nImO/nImOconnector.hpp; sourceTree = SOURCE_ROOT; };
		F6EE0AD31CA2C7F4004748ED /* nImOmap.cpp */ = {isa = PBXFileReference; fileEncoding = 4; lastKnownFileType = sourcecode.cpp.cpp; name = nImOmap.cpp; path = nImO/nImOmap.cpp; sourceTree = SOURCE_ROOT; };
		F6EE0AD41CA2C7F4004748ED /* nImOmap.hpp */ = {isa = PBXFileReference; fileEncoding = 4; lastKnownFileType = sourcecode.cpp.h; name = nImOmap.hpp; path = nImO/nImOmap.hpp; sourceTree = SOURCE_ROOT; };
		F6EE0AD51CA2C7F4004748ED /* nImOnumber.cpp */ = {isa = PBXFileReference; fileEncoding = 4; lastKnownFileType = sourcecode.cpp.cpp; name = nImOnumber.cpp; path = nImO/nImOnumber.cpp; sourceTree = SOURCE_ROOT; };
		F6EE0AD61CA2C7F4004748ED /* nImOnumber.hpp */ = {isa = PBXFileReference; fileEncoding = 4; lastKnownFileType = sourcecode.cpp.h; name = nImOnumber.hpp; path = nImO/nImOnumber.hpp; sourceTree = SOURCE_ROOT; };
		F6EE0AD71CA2C7F4004748ED /* nImOset.cpp */ = {isa = PBXFileReference; fileEncoding = 4; lastKnownFileType = sourcecode.cpp.cpp; name = nImOset.cpp; path = nImO/nImOset.cpp; sourceTree = SOURCE_ROOT; };
		F6EE0AD81CA2C7F4004748ED /* nImOset.hpp */ = {isa = PBXFileReference; fileEncoding = 4; lastKnownFileType = sourcecode.cpp.h; name = nImOset.hpp; path = nImO/nImOset.hpp; sourceTree = SOURCE_ROOT; };
		F6EE0AD91CA2C7F4004748ED /* nImOstring.cpp */ = {isa = PBXFileReference; fileEncoding = 4; lastKnownFileType = sourcecode.cpp.cpp; name = nImOstring.cpp; path = nImO/nImOstring.cpp; sourceTree = SOURCE_ROOT; };
		F6EE0ADA1CA2C7F4004748ED /* nImOstring.hpp */ = {isa = PBXFileReference; fileEncoding = 4; lastKnownFileType = sourcecode.cpp.h; name = nImOstring.hpp; path = nImO/nImOstring.hpp; sourceTree = SOURCE_ROOT; };
		F6EE0ADB1CA2C7F4004748ED /* nImOvalue.cpp */ = {isa = PBXFileReference; fileEncoding = 4; lastKnownFileType = sourcecode.cpp.cpp; name = nImOvalue.cpp; path = nImO/nImOvalue.cpp; sourceTree = SOURCE_ROOT; };
		F6EE0ADC1CA2C7F4004748ED /* nImOvalue.hpp */ = {isa = PBXFileReference; fileEncoding = 4; lastKnownFileType = sourcecode.cpp.h; name = nImOvalue.hpp; path = nImO/nImOvalue.hpp; sourceTree = SOURCE_ROOT; };
		F6EE0ADD1CA2C7F4004748ED /* optionparser.cpp */ = {isa = PBXFileReference; fileEncoding = 4; lastKnownFileType = sourcecode.cpp.cpp; name = optionparser.cpp; path = nImO/optionparser.cpp; sourceTree = SOURCE_ROOT; };
		F6EE0ADE1CA2C7F4004748ED /* optionparser.hpp */ = {isa = PBXFileReference; fileEncoding = 4; lastKnownFileType = sourcecode.cpp.h; name = optionparser.hpp; path = nImO/optionparser.hpp; sourceTree = SOURCE_ROOT; };
		F6EE0ADF1CA2C7F4004748ED /* nImOcommon.i */ = {isa = PBXFileReference; fileEncoding = 4; lastKnownFileType = sourcecode.c.c.preprocessed; name = nImOcommon.i; path = nImO/swig_nImO_in/nImOcommon.i; sourceTree = SOURCE_ROOT; };
		F6F238531CD96F290005554A /* nImOchunkArray.cpp */ = {isa = PBXFileReference; fileEncoding = 4; lastKnownFileType = sourcecode.cpp.cpp; name = nImOchunkArray.cpp; path = nImO/nImOchunkArray.cpp; sourceTree = "<group>"; };
		F6F238541CD96F290005554A /* nImOchunkArray.hpp */ = {isa = PBXFileReference; fileEncoding = 4; lastKnownFileType = sourcecode.cpp.h; name = nImOchunkArray.hpp; path = nImO/nImOchunkArray.hpp; sourceTree = "<group>"; };
/* End PBXFileReference section */

/* Begin PBXGroup section */
		F6747F911CA70BB40070B240 /* odl */ = {
			isa = PBXGroup;
			children = (
				F6747F891CA70BA20070B240 /* CMakeLists.txt */,
				F6747F8A1CA70BA20070B240 /* ODDisableLogging.h */,
				F6747F8B1CA70BA20070B240 /* ODEnableLogging.h */,
				F6747F8C1CA70BA20070B240 /* ODLogging.cpp */,
				F6747F8D1CA70BA20070B240 /* ODLogging.h */,
				F6747F8E1CA70BA20070B240 /* ODLogging.inc.c */,
				F6747F8F1CA70BA20070B240 /* ODLogging.m */,
				F6747F921CA70BC40070B240 /* swig */,
			);
			name = odl;
			sourceTree = "<group>";
		};
		F6747F921CA70BC40070B240 /* swig */ = {
			isa = PBXGroup;
			children = (
				F6747F901CA70BA20070B240 /* ODLogging.i */,
			);
			name = swig;
			sourceTree = SOURCE_ROOT;
		};
		F6B388DF1C77F18B004B2D42 = {
			isa = PBXGroup;
			children = (
				F6B388EA1C77F1C4004B2D42 /* CMakeLists.txt */,
				F6B388ED1C77F298004B2D42 /* Connect */,
				F6B388EE1C77F2A3004B2D42 /* CPack */,
				F6B388EF1C77F2AA004B2D42 /* Disconnect */,
				F6B388F01C77F2B4004B2D42 /* Info */,
				F6B388F11C77F2BC004B2D42 /* List */,
				F6B388F21C77F2E0004B2D42 /* nImO */,
				F6747F911CA70BB40070B240 /* odl */,
				F6B388F31C77F2EF004B2D42 /* Read */,
				F6B388EC1C77F1EC004B2D42 /* Tests */,
				F6B388F41C77F2F9004B2D42 /* Version */,
				F6B388F51C77F300004B2D42 /* Write */,
			);
			sourceTree = "<group>";
		};
		F6B388EC1C77F1EC004B2D42 /* Tests */ = {
			isa = PBXGroup;
			children = (
				F6B388EB1C77F1E6004B2D42 /* CMakeLists.txt */,
				F6B9F1B71CB4931A00ECC740 /* nImOatomicTest.cpp */,
				F6B9F1B81CB4931A00ECC740 /* nImOatomicTest.rc.in */,
				F6B9F1B91CB4931A00ECC740 /* nImOcontainerTest.cpp */,
				F6B9F1BA1CB4931A00ECC740 /* nImOcontainerTest.rc.in */,
				F6A4A0551CD236BD005D1AF8 /* nImOmessageExtractTest.cpp */,
				F6A4A0561CD236BD005D1AF8 /* nImOmessageExtractTest.rc.in */,
				F6A4A0571CD236BD005D1AF8 /* nImOmessageInsertTest.cpp */,
				F6A4A0581CD236BD005D1AF8 /* nImOmessageInsertTest.rc.in */,
				F6863A911CBF0F6700B8572E /* nImOparserTest.cpp */,
				F6863A921CBF0FAB00B8572E /* nImOparserTest.rc.in */,
			);
			name = Tests;
			sourceTree = SOURCE_ROOT;
		};
		F6B388ED1C77F298004B2D42 /* Connect */ = {
			isa = PBXGroup;
			children = (
				F6B388F61C77F3D1004B2D42 /* CMakeLists.txt */,
				F6B388F71C77F3D1004B2D42 /* nImOconnect.rc.in */,
				F6B388F81C77F3D1004B2D42 /* nImOconnectMain.cpp */,
				F6B388F91C77F3D1004B2D42 /* resource.h */,
			);
			name = Connect;
			sourceTree = SOURCE_ROOT;
		};
		F6B388EE1C77F2A3004B2D42 /* CPack */ = {
			isa = PBXGroup;
			children = (
				F6B388FA1C77F3E3004B2D42 /* CMakeLists.txt */,
			);
			name = CPack;
			sourceTree = SOURCE_ROOT;
		};
		F6B388EF1C77F2AA004B2D42 /* Disconnect */ = {
			isa = PBXGroup;
			children = (
				F6B388FB1C77F3F1004B2D42 /* CMakeLists.txt */,
				F6B388FC1C77F3F1004B2D42 /* nImOdisconnect.rc.in */,
				F6B388FD1C77F3F1004B2D42 /* nImOdisconnectMain.cpp */,
				F6B388FE1C77F3F1004B2D42 /* resource.h */,
			);
			name = Disconnect;
			sourceTree = SOURCE_ROOT;
		};
		F6B388F01C77F2B4004B2D42 /* Info */ = {
			isa = PBXGroup;
			children = (
				F6B388FF1C77F40D004B2D42 /* CMakeLists.txt */,
				F6B389001C77F40D004B2D42 /* nImOinfo.rc.in */,
				F6B389011C77F40D004B2D42 /* nImOinfoMain.cpp */,
				F6B389021C77F40D004B2D42 /* resource.h */,
			);
			name = Info;
			sourceTree = SOURCE_ROOT;
		};
		F6B388F11C77F2BC004B2D42 /* List */ = {
			isa = PBXGroup;
			children = (
				F6B389031C77F41D004B2D42 /* CMakeLists.txt */,
				F6B389041C77F41D004B2D42 /* nImOlist.rc.in */,
				F6B389051C77F41D004B2D42 /* nImOlistMain.cpp */,
				F6B389061C77F41D004B2D42 /* resource.h */,
			);
			name = List;
			sourceTree = SOURCE_ROOT;
		};
		F6B388F21C77F2E0004B2D42 /* nImO */ = {
			isa = PBXGroup;
			children = (
				F6EE0AC01CA2C7F4004748ED /* CMakeLists.txt */,
				F60F864A1CA4B24C004D35AB /* nImOaddressArgumentDescriptor.cpp */,
				F60F864B1CA4B24C004D35AB /* nImOaddressArgumentDescriptor.hpp */,
				F6EE0AC11CA2C7F4004748ED /* nImOarray.cpp */,
				F6EE0AC21CA2C7F4004748ED /* nImOarray.hpp */,
				F6EE0AC31CA2C7F4004748ED /* nImOatom.cpp */,
				F6EE0AC41CA2C7F4004748ED /* nImOatom.hpp */,
				F60F864C1CA4B24C004D35AB /* nImObaseArgumentDescriptor.cpp */,
				F60F864D1CA4B24C004D35AB /* nImObaseArgumentDescriptor.hpp */,
				F6EE0AC51CA2C7F4004748ED /* nImOblob.cpp */,
				F6EE0AC61CA2C7F4004748ED /* nImOblob.hpp */,
				F6EE0AC71CA2C7F4004748ED /* nImOboolean.cpp */,
				F6EE0AC81CA2C7F4004748ED /* nImOboolean.hpp */,
				F60F864E1CA4B24C004D35AB /* nImOboolArgumentDescriptor.cpp */,
				F60F864F1CA4B24C004D35AB /* nImOboolArgumentDescriptor.hpp */,
				F68020321CAA0DA500C2374A /* nImObufferChunk.cpp */,
				F68020331CAA0DA500C2374A /* nImObufferChunk.hpp */,
				F60F86501CA4B24C004D35AB /* nImOchannelArgumentDescriptor.cpp */,
				F60F86511CA4B24C004D35AB /* nImOchannelArgumentDescriptor.hpp */,
				F6F238531CD96F290005554A /* nImOchunkArray.cpp */,
				F6F238541CD96F290005554A /* nImOchunkArray.hpp */,
				F6EE0AC91CA2C7F4004748ED /* nImOcommon.cpp */,
				F6EE0ACA1CA2C7F4004748ED /* nImOcommon.hpp */,
				F67032541CB1CBB500E04BBC /* nImOcompareValues.cpp */,
				F67032551CB1CBB500E04BBC /* nImOcompareValues.hpp */,
				F6EE0ACB1CA2C7F4004748ED /* nImOconfig.hpp */,
				F6EE0ACC1CA2C7F4004748ED /* nImOconfig.hpp.in */,
				F6EE0ACD1CA2C7F4004748ED /* nImOconnector.cpp */,
				F6EE0ACE1CA2C7F4004748ED /* nImOconnector.hpp */,
				F6866F011CA4145E00849A76 /* nImOcontainer.cpp */,
				F6866F021CA4145E00849A76 /* nImOcontainer.hpp */,
				F6C1462C1CD18D830045C291 /* nImOdouble.cpp */,
				F6C1462B1CD18D830045C291 /* nImOdouble.hpp */,
				F60F86521CA4B24C004D35AB /* nImOdoubleArgumentDescriptor.cpp */,
				F60F86531CA4B24C004D35AB /* nImOdoubleArgumentDescriptor.hpp */,
				F60F86541CA4B24C004D35AB /* nImOextraArgumentDescriptor.cpp */,
				F60F86551CA4B24C004D35AB /* nImOextraArgumentDescriptor.hpp */,
				F60F86561CA4B24C004D35AB /* nImOfilePathArgumentDescriptor.cpp */,
				F60F86571CA4B24C004D35AB /* nImOfilePathArgumentDescriptor.hpp */,
				F60F86581CA4B24C004D35AB /* nImOintArgumentDescriptor.cpp */,
				F60F86591CA4B24C004D35AB /* nImOintArgumentDescriptor.hpp */,
				F6C1462A1CD18D830045C291 /* nImOinteger.cpp */,
				F6C146291CD18D830045C291 /* nImOinteger.hpp */,
				F6EE0AD31CA2C7F4004748ED /* nImOmap.cpp */,
				F6EE0AD41CA2C7F4004748ED /* nImOmap.hpp */,
				F6A3C2241CCD3C7900CA5C76 /* nImOmessage.cpp */,
				F6A3C2251CCD3C7900CA5C76 /* nImOmessage.hpp */,
				F6EE0AD51CA2C7F4004748ED /* nImOnumber.cpp */,
				F6EE0AD61CA2C7F4004748ED /* nImOnumber.hpp */,
				F60F865A1CA4B24C004D35AB /* nImOportArgumentDescriptor.cpp */,
				F60F865B1CA4B24C004D35AB /* nImOportArgumentDescriptor.hpp */,
				F6EE0AD71CA2C7F4004748ED /* nImOset.cpp */,
				F6EE0AD81CA2C7F4004748ED /* nImOset.hpp */,
				F6EE0AD91CA2C7F4004748ED /* nImOstring.cpp */,
				F6EE0ADA1CA2C7F4004748ED /* nImOstring.hpp */,
				F60F865C1CA4B24C004D35AB /* nImOstringArgumentDescriptor.cpp */,
				F60F865D1CA4B24C004D35AB /* nImOstringArgumentDescriptor.hpp */,
				F66FA33C1CA95475000B283D /* nImOstringBuffer.cpp */,
				F66FA33B1CA9542A000B283D /* nImOstringBuffer.hpp */,
				F6EE0ADB1CA2C7F4004748ED /* nImOvalue.cpp */,
				F6EE0ADC1CA2C7F4004748ED /* nImOvalue.hpp */,
				F6EE0ADD1CA2C7F4004748ED /* optionparser.cpp */,
				F6EE0ADE1CA2C7F4004748ED /* optionparser.hpp */,
				F6EE0A9D1CA2C425004748ED /* swig */,
			);
			name = nImO;
			sourceTree = SOURCE_ROOT;
		};
		F6B388F31C77F2EF004B2D42 /* Read */ = {
			isa = PBXGroup;
			children = (
				F6B389091C77F442004B2D42 /* CMakeLists.txt */,
				F6B3890A1C77F442004B2D42 /* nImOread.rc.in */,
				F6B3890B1C77F442004B2D42 /* nImOreadMain.cpp */,
				F6B3890C1C77F442004B2D42 /* resource.h */,
			);
			name = Read;
			sourceTree = SOURCE_ROOT;
		};
		F6B388F41C77F2F9004B2D42 /* Version */ = {
			isa = PBXGroup;
			children = (
				F6B3890D1C77F455004B2D42 /* CMakeLists.txt */,
				F6B3890E1C77F455004B2D42 /* nImOversion.rc.in */,
				F6B3890F1C77F455004B2D42 /* nImOversionMain.cpp */,
				F6B389101C77F455004B2D42 /* resource.h */,
			);
			name = Version;
			sourceTree = SOURCE_ROOT;
		};
		F6B388F51C77F300004B2D42 /* Write */ = {
			isa = PBXGroup;
			children = (
				F6B389111C77F476004B2D42 /* CMakeLists.txt */,
				F6B389121C77F476004B2D42 /* nImOwrite.rc.in */,
				F6B389131C77F476004B2D42 /* nImOwriteMain.cpp */,
				F6B389141C77F476004B2D42 /* resource.h */,
			);
			name = Write;
			sourceTree = SOURCE_ROOT;
		};
		F6EE0A9D1CA2C425004748ED /* swig */ = {
			isa = PBXGroup;
			children = (
				F6EE0ADF1CA2C7F4004748ED /* nImOcommon.i */,
			);
			name = swig;
			sourceTree = SOURCE_ROOT;
		};
/* End PBXGroup section */

/* Begin PBXLegacyTarget section */
		F6B388E41C77F18B004B2D42 /* nImO */ = {
			isa = PBXLegacyTarget;
			buildArgumentsString = "$(ACTION)";
			buildConfigurationList = F6B388E71C77F18B004B2D42 /* Build configuration list for PBXLegacyTarget "nImO" */;
			buildPhases = (
			);
			buildToolPath = /usr/bin/make;
			dependencies = (
			);
			name = nImO;
			passBuildSettingsInEnvironment = 1;
			productName = nImO;
		};
/* End PBXLegacyTarget section */

/* Begin PBXProject section */
		F6B388E01C77F18B004B2D42 /* Project object */ = {
			isa = PBXProject;
			attributes = {
				LastUpgradeCheck = 0720;
				ORGANIZATIONNAME = "Norman Jaffe";
				TargetAttributes = {
					F6B388E41C77F18B004B2D42 = {
						CreatedOnToolsVersion = 7.2;
					};
				};
			};
			buildConfigurationList = F6B388E31C77F18B004B2D42 /* Build configuration list for PBXProject "nImO" */;
			compatibilityVersion = "Xcode 3.2";
			developmentRegion = English;
			hasScannedForEncodings = 0;
			knownRegions = (
				en,
			);
			mainGroup = F6B388DF1C77F18B004B2D42;
			projectDirPath = "";
			projectRoot = "";
			targets = (
				F6B388E41C77F18B004B2D42 /* nImO */,
			);
		};
/* End PBXProject section */

/* Begin XCBuildConfiguration section */
		F6B388E51C77F18B004B2D42 /* Debug */ = {
			isa = XCBuildConfiguration;
			buildSettings = {
				ALWAYS_SEARCH_USER_PATHS = NO;
				CLANG_CXX_LANGUAGE_STANDARD = "gnu++0x";
				CLANG_CXX_LIBRARY = "libc++";
				CLANG_ENABLE_MODULES = YES;
				CLANG_ENABLE_OBJC_ARC = YES;
				CLANG_WARN_BOOL_CONVERSION = YES;
				CLANG_WARN_CONSTANT_CONVERSION = YES;
				CLANG_WARN_DIRECT_OBJC_ISA_USAGE = YES_ERROR;
				CLANG_WARN_EMPTY_BODY = YES;
				CLANG_WARN_ENUM_CONVERSION = YES;
				CLANG_WARN_INT_CONVERSION = YES;
				CLANG_WARN_OBJC_ROOT_CLASS = YES_ERROR;
				CLANG_WARN_UNREACHABLE_CODE = YES;
				CLANG_WARN__DUPLICATE_METHOD_MATCH = YES;
				COPY_PHASE_STRIP = NO;
				DEBUG_INFORMATION_FORMAT = dwarf;
				ENABLE_STRICT_OBJC_MSGSEND = YES;
				ENABLE_TESTABILITY = YES;
				GCC_C_LANGUAGE_STANDARD = gnu99;
				GCC_DYNAMIC_NO_PIC = NO;
				GCC_NO_COMMON_BLOCKS = YES;
				GCC_OPTIMIZATION_LEVEL = 0;
				GCC_PREPROCESSOR_DEFINITIONS = (
					"DEBUG=1",
					"$(inherited)",
				);
				GCC_WARN_64_TO_32_BIT_CONVERSION = YES;
				GCC_WARN_ABOUT_RETURN_TYPE = YES_ERROR;
				GCC_WARN_UNDECLARED_SELECTOR = YES;
				GCC_WARN_UNINITIALIZED_AUTOS = YES_AGGRESSIVE;
				GCC_WARN_UNUSED_FUNCTION = YES;
				GCC_WARN_UNUSED_VARIABLE = YES;
				MTL_ENABLE_DEBUG_INFO = YES;
				ONLY_ACTIVE_ARCH = YES;
			};
			name = Debug;
		};
		F6B388E61C77F18B004B2D42 /* Release */ = {
			isa = XCBuildConfiguration;
			buildSettings = {
				ALWAYS_SEARCH_USER_PATHS = NO;
				CLANG_CXX_LANGUAGE_STANDARD = "gnu++0x";
				CLANG_CXX_LIBRARY = "libc++";
				CLANG_ENABLE_MODULES = YES;
				CLANG_ENABLE_OBJC_ARC = YES;
				CLANG_WARN_BOOL_CONVERSION = YES;
				CLANG_WARN_CONSTANT_CONVERSION = YES;
				CLANG_WARN_DIRECT_OBJC_ISA_USAGE = YES_ERROR;
				CLANG_WARN_EMPTY_BODY = YES;
				CLANG_WARN_ENUM_CONVERSION = YES;
				CLANG_WARN_INT_CONVERSION = YES;
				CLANG_WARN_OBJC_ROOT_CLASS = YES_ERROR;
				CLANG_WARN_UNREACHABLE_CODE = YES;
				CLANG_WARN__DUPLICATE_METHOD_MATCH = YES;
				COPY_PHASE_STRIP = NO;
				DEBUG_INFORMATION_FORMAT = "dwarf-with-dsym";
				ENABLE_NS_ASSERTIONS = NO;
				ENABLE_STRICT_OBJC_MSGSEND = YES;
				GCC_C_LANGUAGE_STANDARD = gnu99;
				GCC_NO_COMMON_BLOCKS = YES;
				GCC_WARN_64_TO_32_BIT_CONVERSION = YES;
				GCC_WARN_ABOUT_RETURN_TYPE = YES_ERROR;
				GCC_WARN_UNDECLARED_SELECTOR = YES;
				GCC_WARN_UNINITIALIZED_AUTOS = YES_AGGRESSIVE;
				GCC_WARN_UNUSED_FUNCTION = YES;
				GCC_WARN_UNUSED_VARIABLE = YES;
				MTL_ENABLE_DEBUG_INFO = NO;
			};
			name = Release;
		};
		F6B388E81C77F18B004B2D42 /* Debug */ = {
			isa = XCBuildConfiguration;
			buildSettings = {
				DEBUGGING_SYMBOLS = YES;
				DEBUG_INFORMATION_FORMAT = dwarf;
				GCC_GENERATE_DEBUGGING_SYMBOLS = YES;
				GCC_OPTIMIZATION_LEVEL = 0;
				OTHER_CFLAGS = "";
				OTHER_LDFLAGS = "";
				PRODUCT_NAME = "$(TARGET_NAME)";
			};
			name = Debug;
		};
		F6B388E91C77F18B004B2D42 /* Release */ = {
			isa = XCBuildConfiguration;
			buildSettings = {
				DEBUG_INFORMATION_FORMAT = "dwarf-with-dsym";
				OTHER_CFLAGS = "";
				OTHER_LDFLAGS = "";
				PRODUCT_NAME = "$(TARGET_NAME)";
			};
			name = Release;
		};
/* End XCBuildConfiguration section */

/* Begin XCConfigurationList section */
		F6B388E31C77F18B004B2D42 /* Build configuration list for PBXProject "nImO" */ = {
			isa = XCConfigurationList;
			buildConfigurations = (
				F6B388E51C77F18B004B2D42 /* Debug */,
				F6B388E61C77F18B004B2D42 /* Release */,
			);
			defaultConfigurationIsVisible = 0;
			defaultConfigurationName = Release;
		};
		F6B388E71C77F18B004B2D42 /* Build configuration list for PBXLegacyTarget "nImO" */ = {
			isa = XCConfigurationList;
			buildConfigurations = (
				F6B388E81C77F18B004B2D42 /* Debug */,
				F6B388E91C77F18B004B2D42 /* Release */,
			);
			defaultConfigurationIsVisible = 0;
			defaultConfigurationName = Release;
		};
/* End XCConfigurationList section */
	};
	rootObject = F6B388E01C77F18B004B2D42 /* Project object */;
}
